
Microsoft Visual Studio Solution File, Format Version 12.00
# Visual Studio 15
VisualStudioVersion = 15.0.26228.9
MinimumVisualStudioVersion = 10.0.40219.1
Project("{2150E333-8FDC-42A3-9474-1A3956D46DE8}") = "Solution Items", "Solution Items", "{2D4FCB75-E5DF-4E2D-9A23-BE53FF3B0FB6}"
	ProjectSection(SolutionItems) = preProject
		.gitattributes = .gitattributes
		.gitignore = .gitignore
		global.json = global.json
		LICENSE.txt = LICENSE.txt
		Nuget.config = Nuget.config
		README.md = README.md
	EndProjectSection
EndProject
Project("{2150E333-8FDC-42A3-9474-1A3956D46DE8}") = "src", "src", "{27A5E07B-3BEC-4F3A-8215-A9FF592F5F14}"
	ProjectSection(SolutionItems) = preProject
		src\Rezolver.Shared.props = src\Rezolver.Shared.props
	EndProjectSection
EndProject
Project("{2150E333-8FDC-42A3-9474-1A3956D46DE8}") = "test", "test", "{C6B597B0-5AF4-43FD-AD4F-4A28CE0C0CDD}"
	ProjectSection(SolutionItems) = preProject
		test\Rezolver.Tests.Shared.props = test\Rezolver.Tests.Shared.props
	EndProjectSection
EndProject
Project("{8BB2217D-0F2D-49D1-97BC-3654ED321F3B}") = "Rezolver.Configuration", "src\Rezolver.Configuration\Rezolver.Configuration.xproj", "{05F52AEE-AB5B-4008-8B00-6CA2B58CAC48}"
EndProject
Project("{8BB2217D-0F2D-49D1-97BC-3654ED321F3B}") = "Rezolver.Configuration.Json", "src\Rezolver.Configuration.Json\Rezolver.Configuration.Json.xproj", "{666B1CA1-F096-4C52-92AF-D35738EE79DA}"
EndProject
Project("{9A19103F-16F7-4668-BE54-9A1E7A4F7556}") = "Rezolver.Tests", "test\Rezolver.Tests\Rezolver.Tests.csproj", "{28DD4C74-DC5C-41FC-95DA-B2D0C593234B}"
EndProject
Project("{8BB2217D-0F2D-49D1-97BC-3654ED321F3B}") = "Rezolver.Microsoft.Extensions.DependencyInjection.Tests", "test\Rezolver.Microsoft.DependencyInjection.Tests\Rezolver.Microsoft.Extensions.DependencyInjection.Tests.xproj", "{8E28B05B-C9DA-4F59-8108-44519816FD02}"
EndProject
Project("{8BB2217D-0F2D-49D1-97BC-3654ED321F3B}") = "Rezolver.Microsoft.Extensions.DependencyInjection", "src\Rezolver.Microsoft.Extensions.DependencyInjection\Rezolver.Microsoft.Extensions.DependencyInjection.xproj", "{726DC4D6-9064-45B4-9EFD-A18AA779AC34}"
EndProject
Project("{2150E333-8FDC-42A3-9474-1A3956D46DE8}") = "doc", "doc", "{73996028-9FE2-4094-BB1E-B2FDDB1CFB8F}"
EndProject
Project("{FAE04EC0-301F-11D3-BF4B-00C04F79EFBC}") = "Rezolver.Documentation", "doc\Rezolver.Documentation\Rezolver.Documentation.csproj", "{BD8449E1-9E0F-4FB6-A6EA-97FF921EF65E}"
EndProject
Project("{2150E333-8FDC-42A3-9474-1A3956D46DE8}") = "PublishScripts", "PublishScripts", "{44C7026C-38E6-4229-B8B8-B4CC557DA409}"
EndProject
Project("{2150E333-8FDC-42A3-9474-1A3956D46DE8}") = "Scripts", "Scripts", "{9008F17A-2132-4889-91FA-7BD0415D33D4}"
	ProjectSection(SolutionItems) = preProject
		PublishScripts\Scripts\ConfigureWebServer.ps1 = PublishScripts\Scripts\ConfigureWebServer.ps1
		PublishScripts\Scripts\Deploy-AzureResourceGroup.ps1 = PublishScripts\Scripts\Deploy-AzureResourceGroup.ps1
	EndProjectSection
EndProject
Project("{2150E333-8FDC-42A3-9474-1A3956D46DE8}") = "Templates", "Templates", "{E01CDE3E-5C5F-4FA4-8CD2-5BE4B29E0987}"
	ProjectSection(SolutionItems) = preProject
		PublishScripts\Templates\Rezolver.Documentation.json = PublishScripts\Templates\Rezolver.Documentation.json
		PublishScripts\Templates\Rezolver.Documentation.param.dev.json = PublishScripts\Templates\Rezolver.Documentation.param.dev.json
	EndProjectSection
EndProject
Project("{8BB2217D-0F2D-49D1-97BC-3654ED321F3B}") = "Rezolver.Microsoft.Extensions.Logging", "src\Rezolver.Microsoft.Extensions.Logging\Rezolver.Microsoft.Extensions.Logging.xproj", "{1513EA37-4EBB-4FD1-8F75-D8B16A7DBE74}"
EndProject
Project("{8BB2217D-0F2D-49D1-97BC-3654ED321F3B}") = "Rezolver.Logging", "src\Rezolver.Logging\Rezolver.Logging.xproj", "{560EBFA5-D522-4A6B-A25A-A5113CD07846}"
EndProject
Project("{8BB2217D-0F2D-49D1-97BC-3654ED321F3B}") = "Rezolver.Microsoft.AspNetCore.Hosting", "src\Rezolver.Microsoft.AspNetCore.Hosting\Rezolver.Microsoft.AspNetCore.Hosting.xproj", "{CE013397-D47E-40AA-9C2E-9693C3404DB8}"
EndProject
Project("{9A19103F-16F7-4668-BE54-9A1E7A4F7556}") = "Rezolver.Tests.Shared", "test\Rezolver.Tests.Shared\Rezolver.Tests.Shared.csproj", "{8DF651BD-CC9C-4DF1-BD0C-E3B2A7D1BB69}"
EndProject
Project("{8BB2217D-0F2D-49D1-97BC-3654ED321F3B}") = "Rezolver.Tests.Compilation.Specification", "test\Rezolver.Tests.Compilation.Specification\Rezolver.Tests.Compilation.Specification.xproj", "{460515E5-89FF-48FC-911B-FC31E12902F5}"
EndProject
Project("{8BB2217D-0F2D-49D1-97BC-3654ED321F3B}") = "Rezolver.Tests.Compilation.Expressions", "test\Rezolver.Tests.Compilation.Expressions\Rezolver.Tests.Compilation.Expressions.xproj", "{37C203A5-5019-410D-B8D8-9BE495EC0139}"
EndProject
Project("{8BB2217D-0F2D-49D1-97BC-3654ED321F3B}") = "Rezolver.Tests.Configuration.Json", "test\Rezolver.Tests.Configuration.Json\Rezolver.Tests.Configuration.Json.xproj", "{66246160-1B64-490D-98A1-A69ECF29C86C}"
EndProject
Project("{8BB2217D-0F2D-49D1-97BC-3654ED321F3B}") = "Rezolver.Tests.Examples", "test\Rezolver.Tests.Examples\Rezolver.Tests.Examples.xproj", "{63D7227A-5B11-4EC1-A074-C3FD4301AD4F}"
EndProject
Project("{9A19103F-16F7-4668-BE54-9A1E7A4F7556}") = "Rezolver.Shared", "src\Rezolver.Shared\Rezolver.Shared.csproj", "{C6D6A61A-8968-4A83-91CB-9A8D1733FA4E}"
EndProject
Project("{9A19103F-16F7-4668-BE54-9A1E7A4F7556}") = "Rezolver", "src\Rezolver\Rezolver.csproj", "{2CF0FA03-83F9-436C-A178-DA5C77D039CC}"
EndProject
Global
	GlobalSection(SolutionConfigurationPlatforms) = preSolution
		Debug With Documentation|Any CPU = Debug With Documentation|Any CPU
		Debug|Any CPU = Debug|Any CPU
		Release With Documentation|Any CPU = Release With Documentation|Any CPU
		Release|Any CPU = Release|Any CPU
	EndGlobalSection
	GlobalSection(ProjectConfigurationPlatforms) = postSolution
		{05F52AEE-AB5B-4008-8B00-6CA2B58CAC48}.Debug With Documentation|Any CPU.ActiveCfg = Debug|Any CPU
		{05F52AEE-AB5B-4008-8B00-6CA2B58CAC48}.Debug With Documentation|Any CPU.Build.0 = Debug|Any CPU
		{05F52AEE-AB5B-4008-8B00-6CA2B58CAC48}.Debug|Any CPU.ActiveCfg = Debug|Any CPU
		{05F52AEE-AB5B-4008-8B00-6CA2B58CAC48}.Debug|Any CPU.Build.0 = Debug|Any CPU
		{05F52AEE-AB5B-4008-8B00-6CA2B58CAC48}.Release With Documentation|Any CPU.ActiveCfg = Release|Any CPU
		{05F52AEE-AB5B-4008-8B00-6CA2B58CAC48}.Release With Documentation|Any CPU.Build.0 = Release|Any CPU
		{05F52AEE-AB5B-4008-8B00-6CA2B58CAC48}.Release|Any CPU.ActiveCfg = Release|Any CPU
		{05F52AEE-AB5B-4008-8B00-6CA2B58CAC48}.Release|Any CPU.Build.0 = Release|Any CPU
		{666B1CA1-F096-4C52-92AF-D35738EE79DA}.Debug With Documentation|Any CPU.ActiveCfg = Debug|Any CPU
		{666B1CA1-F096-4C52-92AF-D35738EE79DA}.Debug With Documentation|Any CPU.Build.0 = Debug|Any CPU
		{666B1CA1-F096-4C52-92AF-D35738EE79DA}.Debug|Any CPU.ActiveCfg = Debug|Any CPU
		{666B1CA1-F096-4C52-92AF-D35738EE79DA}.Debug|Any CPU.Build.0 = Debug|Any CPU
		{666B1CA1-F096-4C52-92AF-D35738EE79DA}.Release With Documentation|Any CPU.ActiveCfg = Release|Any CPU
		{666B1CA1-F096-4C52-92AF-D35738EE79DA}.Release With Documentation|Any CPU.Build.0 = Release|Any CPU
		{666B1CA1-F096-4C52-92AF-D35738EE79DA}.Release|Any CPU.ActiveCfg = Release|Any CPU
		{666B1CA1-F096-4C52-92AF-D35738EE79DA}.Release|Any CPU.Build.0 = Release|Any CPU
		{28DD4C74-DC5C-41FC-95DA-B2D0C593234B}.Debug With Documentation|Any CPU.ActiveCfg = Debug|Any CPU
		{28DD4C74-DC5C-41FC-95DA-B2D0C593234B}.Debug With Documentation|Any CPU.Build.0 = Debug|Any CPU
		{28DD4C74-DC5C-41FC-95DA-B2D0C593234B}.Debug|Any CPU.ActiveCfg = Debug|Any CPU
		{28DD4C74-DC5C-41FC-95DA-B2D0C593234B}.Debug|Any CPU.Build.0 = Debug|Any CPU
		{28DD4C74-DC5C-41FC-95DA-B2D0C593234B}.Release With Documentation|Any CPU.ActiveCfg = Release|Any CPU
		{28DD4C74-DC5C-41FC-95DA-B2D0C593234B}.Release With Documentation|Any CPU.Build.0 = Release|Any CPU
		{28DD4C74-DC5C-41FC-95DA-B2D0C593234B}.Release|Any CPU.ActiveCfg = Release|Any CPU
		{28DD4C74-DC5C-41FC-95DA-B2D0C593234B}.Release|Any CPU.Build.0 = Release|Any CPU
		{8E28B05B-C9DA-4F59-8108-44519816FD02}.Debug With Documentation|Any CPU.ActiveCfg = Debug|Any CPU
		{8E28B05B-C9DA-4F59-8108-44519816FD02}.Debug With Documentation|Any CPU.Build.0 = Debug|Any CPU
		{8E28B05B-C9DA-4F59-8108-44519816FD02}.Debug|Any CPU.ActiveCfg = Debug|Any CPU
		{8E28B05B-C9DA-4F59-8108-44519816FD02}.Debug|Any CPU.Build.0 = Debug|Any CPU
		{8E28B05B-C9DA-4F59-8108-44519816FD02}.Release With Documentation|Any CPU.ActiveCfg = Release|Any CPU
		{8E28B05B-C9DA-4F59-8108-44519816FD02}.Release With Documentation|Any CPU.Build.0 = Release|Any CPU
		{8E28B05B-C9DA-4F59-8108-44519816FD02}.Release|Any CPU.ActiveCfg = Release|Any CPU
		{8E28B05B-C9DA-4F59-8108-44519816FD02}.Release|Any CPU.Build.0 = Release|Any CPU
		{726DC4D6-9064-45B4-9EFD-A18AA779AC34}.Debug With Documentation|Any CPU.ActiveCfg = Debug|Any CPU
		{726DC4D6-9064-45B4-9EFD-A18AA779AC34}.Debug With Documentation|Any CPU.Build.0 = Debug|Any CPU
		{726DC4D6-9064-45B4-9EFD-A18AA779AC34}.Debug|Any CPU.ActiveCfg = Debug|Any CPU
		{726DC4D6-9064-45B4-9EFD-A18AA779AC34}.Debug|Any CPU.Build.0 = Debug|Any CPU
		{726DC4D6-9064-45B4-9EFD-A18AA779AC34}.Release With Documentation|Any CPU.ActiveCfg = Release|Any CPU
		{726DC4D6-9064-45B4-9EFD-A18AA779AC34}.Release With Documentation|Any CPU.Build.0 = Release|Any CPU
		{726DC4D6-9064-45B4-9EFD-A18AA779AC34}.Release|Any CPU.ActiveCfg = Release|Any CPU
		{726DC4D6-9064-45B4-9EFD-A18AA779AC34}.Release|Any CPU.Build.0 = Release|Any CPU
		{BD8449E1-9E0F-4FB6-A6EA-97FF921EF65E}.Debug With Documentation|Any CPU.ActiveCfg = Debug|Any CPU
		{BD8449E1-9E0F-4FB6-A6EA-97FF921EF65E}.Debug With Documentation|Any CPU.Build.0 = Debug|Any CPU
		{BD8449E1-9E0F-4FB6-A6EA-97FF921EF65E}.Debug|Any CPU.ActiveCfg = Debug|Any CPU
		{BD8449E1-9E0F-4FB6-A6EA-97FF921EF65E}.Release With Documentation|Any CPU.ActiveCfg = Release|Any CPU
		{BD8449E1-9E0F-4FB6-A6EA-97FF921EF65E}.Release With Documentation|Any CPU.Build.0 = Release|Any CPU
		{BD8449E1-9E0F-4FB6-A6EA-97FF921EF65E}.Release|Any CPU.ActiveCfg = Release|Any CPU
		{1513EA37-4EBB-4FD1-8F75-D8B16A7DBE74}.Debug With Documentation|Any CPU.ActiveCfg = Debug|Any CPU
		{1513EA37-4EBB-4FD1-8F75-D8B16A7DBE74}.Debug With Documentation|Any CPU.Build.0 = Debug|Any CPU
		{1513EA37-4EBB-4FD1-8F75-D8B16A7DBE74}.Debug|Any CPU.ActiveCfg = Debug|Any CPU
		{1513EA37-4EBB-4FD1-8F75-D8B16A7DBE74}.Debug|Any CPU.Build.0 = Debug|Any CPU
		{1513EA37-4EBB-4FD1-8F75-D8B16A7DBE74}.Release With Documentation|Any CPU.ActiveCfg = Release|Any CPU
		{1513EA37-4EBB-4FD1-8F75-D8B16A7DBE74}.Release With Documentation|Any CPU.Build.0 = Release|Any CPU
		{1513EA37-4EBB-4FD1-8F75-D8B16A7DBE74}.Release|Any CPU.ActiveCfg = Release|Any CPU
		{1513EA37-4EBB-4FD1-8F75-D8B16A7DBE74}.Release|Any CPU.Build.0 = Release|Any CPU
		{560EBFA5-D522-4A6B-A25A-A5113CD07846}.Debug With Documentation|Any CPU.ActiveCfg = Debug|Any CPU
		{560EBFA5-D522-4A6B-A25A-A5113CD07846}.Debug With Documentation|Any CPU.Build.0 = Debug|Any CPU
		{560EBFA5-D522-4A6B-A25A-A5113CD07846}.Debug|Any CPU.ActiveCfg = Debug|Any CPU
		{560EBFA5-D522-4A6B-A25A-A5113CD07846}.Debug|Any CPU.Build.0 = Debug|Any CPU
		{560EBFA5-D522-4A6B-A25A-A5113CD07846}.Release With Documentation|Any CPU.ActiveCfg = Release|Any CPU
		{560EBFA5-D522-4A6B-A25A-A5113CD07846}.Release With Documentation|Any CPU.Build.0 = Release|Any CPU
		{560EBFA5-D522-4A6B-A25A-A5113CD07846}.Release|Any CPU.ActiveCfg = Release|Any CPU
		{560EBFA5-D522-4A6B-A25A-A5113CD07846}.Release|Any CPU.Build.0 = Release|Any CPU
		{CE013397-D47E-40AA-9C2E-9693C3404DB8}.Debug With Documentation|Any CPU.ActiveCfg = Debug|Any CPU
		{CE013397-D47E-40AA-9C2E-9693C3404DB8}.Debug With Documentation|Any CPU.Build.0 = Debug|Any CPU
		{CE013397-D47E-40AA-9C2E-9693C3404DB8}.Debug|Any CPU.ActiveCfg = Debug|Any CPU
		{CE013397-D47E-40AA-9C2E-9693C3404DB8}.Debug|Any CPU.Build.0 = Debug|Any CPU
		{CE013397-D47E-40AA-9C2E-9693C3404DB8}.Release With Documentation|Any CPU.ActiveCfg = Release|Any CPU
		{CE013397-D47E-40AA-9C2E-9693C3404DB8}.Release With Documentation|Any CPU.Build.0 = Release|Any CPU
		{CE013397-D47E-40AA-9C2E-9693C3404DB8}.Release|Any CPU.ActiveCfg = Release|Any CPU
		{CE013397-D47E-40AA-9C2E-9693C3404DB8}.Release|Any CPU.Build.0 = Release|Any CPU
		{8DF651BD-CC9C-4DF1-BD0C-E3B2A7D1BB69}.Debug With Documentation|Any CPU.ActiveCfg = Debug|Any CPU
		{8DF651BD-CC9C-4DF1-BD0C-E3B2A7D1BB69}.Debug With Documentation|Any CPU.Build.0 = Debug|Any CPU
		{8DF651BD-CC9C-4DF1-BD0C-E3B2A7D1BB69}.Debug|Any CPU.ActiveCfg = Debug|Any CPU
		{8DF651BD-CC9C-4DF1-BD0C-E3B2A7D1BB69}.Debug|Any CPU.Build.0 = Debug|Any CPU
		{8DF651BD-CC9C-4DF1-BD0C-E3B2A7D1BB69}.Release With Documentation|Any CPU.ActiveCfg = Release|Any CPU
		{8DF651BD-CC9C-4DF1-BD0C-E3B2A7D1BB69}.Release With Documentation|Any CPU.Build.0 = Release|Any CPU
		{8DF651BD-CC9C-4DF1-BD0C-E3B2A7D1BB69}.Release|Any CPU.ActiveCfg = Release|Any CPU
		{8DF651BD-CC9C-4DF1-BD0C-E3B2A7D1BB69}.Release|Any CPU.Build.0 = Release|Any CPU
		{460515E5-89FF-48FC-911B-FC31E12902F5}.Debug With Documentation|Any CPU.ActiveCfg = Debug|Any CPU
		{460515E5-89FF-48FC-911B-FC31E12902F5}.Debug With Documentation|Any CPU.Build.0 = Debug|Any CPU
		{460515E5-89FF-48FC-911B-FC31E12902F5}.Debug|Any CPU.ActiveCfg = Debug|Any CPU
		{460515E5-89FF-48FC-911B-FC31E12902F5}.Debug|Any CPU.Build.0 = Debug|Any CPU
		{460515E5-89FF-48FC-911B-FC31E12902F5}.Release With Documentation|Any CPU.ActiveCfg = Release|Any CPU
		{460515E5-89FF-48FC-911B-FC31E12902F5}.Release With Documentation|Any CPU.Build.0 = Release|Any CPU
		{460515E5-89FF-48FC-911B-FC31E12902F5}.Release|Any CPU.ActiveCfg = Release|Any CPU
		{460515E5-89FF-48FC-911B-FC31E12902F5}.Release|Any CPU.Build.0 = Release|Any CPU
		{37C203A5-5019-410D-B8D8-9BE495EC0139}.Debug With Documentation|Any CPU.ActiveCfg = Debug|Any CPU
		{37C203A5-5019-410D-B8D8-9BE495EC0139}.Debug With Documentation|Any CPU.Build.0 = Debug|Any CPU
		{37C203A5-5019-410D-B8D8-9BE495EC0139}.Debug|Any CPU.ActiveCfg = Debug|Any CPU
		{37C203A5-5019-410D-B8D8-9BE495EC0139}.Debug|Any CPU.Build.0 = Debug|Any CPU
		{37C203A5-5019-410D-B8D8-9BE495EC0139}.Release With Documentation|Any CPU.ActiveCfg = Release|Any CPU
		{37C203A5-5019-410D-B8D8-9BE495EC0139}.Release With Documentation|Any CPU.Build.0 = Release|Any CPU
		{37C203A5-5019-410D-B8D8-9BE495EC0139}.Release|Any CPU.ActiveCfg = Release|Any CPU
		{37C203A5-5019-410D-B8D8-9BE495EC0139}.Release|Any CPU.Build.0 = Release|Any CPU
		{66246160-1B64-490D-98A1-A69ECF29C86C}.Debug With Documentation|Any CPU.ActiveCfg = Debug|Any CPU
		{66246160-1B64-490D-98A1-A69ECF29C86C}.Debug With Documentation|Any CPU.Build.0 = Debug|Any CPU
		{66246160-1B64-490D-98A1-A69ECF29C86C}.Debug|Any CPU.ActiveCfg = Debug|Any CPU
		{66246160-1B64-490D-98A1-A69ECF29C86C}.Debug|Any CPU.Build.0 = Debug|Any CPU
		{66246160-1B64-490D-98A1-A69ECF29C86C}.Release With Documentation|Any CPU.ActiveCfg = Release|Any CPU
		{66246160-1B64-490D-98A1-A69ECF29C86C}.Release With Documentation|Any CPU.Build.0 = Release|Any CPU
		{66246160-1B64-490D-98A1-A69ECF29C86C}.Release|Any CPU.ActiveCfg = Release|Any CPU
		{66246160-1B64-490D-98A1-A69ECF29C86C}.Release|Any CPU.Build.0 = Release|Any CPU
		{63D7227A-5B11-4EC1-A074-C3FD4301AD4F}.Debug With Documentation|Any CPU.ActiveCfg = Debug|Any CPU
		{63D7227A-5B11-4EC1-A074-C3FD4301AD4F}.Debug With Documentation|Any CPU.Build.0 = Debug|Any CPU
		{63D7227A-5B11-4EC1-A074-C3FD4301AD4F}.Debug|Any CPU.ActiveCfg = Debug|Any CPU
		{63D7227A-5B11-4EC1-A074-C3FD4301AD4F}.Debug|Any CPU.Build.0 = Debug|Any CPU
		{63D7227A-5B11-4EC1-A074-C3FD4301AD4F}.Release With Documentation|Any CPU.ActiveCfg = Release|Any CPU
		{63D7227A-5B11-4EC1-A074-C3FD4301AD4F}.Release With Documentation|Any CPU.Build.0 = Release|Any CPU
		{63D7227A-5B11-4EC1-A074-C3FD4301AD4F}.Release|Any CPU.ActiveCfg = Release|Any CPU
		{63D7227A-5B11-4EC1-A074-C3FD4301AD4F}.Release|Any CPU.Build.0 = Release|Any CPU
		{C6D6A61A-8968-4A83-91CB-9A8D1733FA4E}.Debug With Documentation|Any CPU.ActiveCfg = Debug|Any CPU
		{C6D6A61A-8968-4A83-91CB-9A8D1733FA4E}.Debug With Documentation|Any CPU.Build.0 = Debug|Any CPU
		{C6D6A61A-8968-4A83-91CB-9A8D1733FA4E}.Debug|Any CPU.ActiveCfg = Debug|Any CPU
		{C6D6A61A-8968-4A83-91CB-9A8D1733FA4E}.Debug|Any CPU.Build.0 = Debug|Any CPU
		{C6D6A61A-8968-4A83-91CB-9A8D1733FA4E}.Release With Documentation|Any CPU.ActiveCfg = Release|Any CPU
		{C6D6A61A-8968-4A83-91CB-9A8D1733FA4E}.Release With Documentation|Any CPU.Build.0 = Release|Any CPU
		{C6D6A61A-8968-4A83-91CB-9A8D1733FA4E}.Release|Any CPU.ActiveCfg = Release|Any CPU
		{C6D6A61A-8968-4A83-91CB-9A8D1733FA4E}.Release|Any CPU.Build.0 = Release|Any CPU
		{2CF0FA03-83F9-436C-A178-DA5C77D039CC}.Debug With Documentation|Any CPU.ActiveCfg = Debug|Any CPU
		{2CF0FA03-83F9-436C-A178-DA5C77D039CC}.Debug With Documentation|Any CPU.Build.0 = Debug|Any CPU
		{2CF0FA03-83F9-436C-A178-DA5C77D039CC}.Debug|Any CPU.ActiveCfg = Debug|Any CPU
		{2CF0FA03-83F9-436C-A178-DA5C77D039CC}.Debug|Any CPU.Build.0 = Debug|Any CPU
		{2CF0FA03-83F9-436C-A178-DA5C77D039CC}.Release With Documentation|Any CPU.ActiveCfg = Release|Any CPU
		{2CF0FA03-83F9-436C-A178-DA5C77D039CC}.Release With Documentation|Any CPU.Build.0 = Release|Any CPU
		{2CF0FA03-83F9-436C-A178-DA5C77D039CC}.Release|Any CPU.ActiveCfg = Release|Any CPU
		{2CF0FA03-83F9-436C-A178-DA5C77D039CC}.Release|Any CPU.Build.0 = Release|Any CPU
	EndGlobalSection
	GlobalSection(SolutionProperties) = preSolution
		HideSolutionNode = FALSE
	EndGlobalSection
	GlobalSection(NestedProjects) = preSolution
		{05F52AEE-AB5B-4008-8B00-6CA2B58CAC48} = {27A5E07B-3BEC-4F3A-8215-A9FF592F5F14}
		{666B1CA1-F096-4C52-92AF-D35738EE79DA} = {27A5E07B-3BEC-4F3A-8215-A9FF592F5F14}
		{28DD4C74-DC5C-41FC-95DA-B2D0C593234B} = {C6B597B0-5AF4-43FD-AD4F-4A28CE0C0CDD}
		{8E28B05B-C9DA-4F59-8108-44519816FD02} = {C6B597B0-5AF4-43FD-AD4F-4A28CE0C0CDD}
		{726DC4D6-9064-45B4-9EFD-A18AA779AC34} = {27A5E07B-3BEC-4F3A-8215-A9FF592F5F14}
		{BD8449E1-9E0F-4FB6-A6EA-97FF921EF65E} = {73996028-9FE2-4094-BB1E-B2FDDB1CFB8F}
		{44C7026C-38E6-4229-B8B8-B4CC557DA409} = {73996028-9FE2-4094-BB1E-B2FDDB1CFB8F}
		{9008F17A-2132-4889-91FA-7BD0415D33D4} = {44C7026C-38E6-4229-B8B8-B4CC557DA409}
		{E01CDE3E-5C5F-4FA4-8CD2-5BE4B29E0987} = {44C7026C-38E6-4229-B8B8-B4CC557DA409}
		{1513EA37-4EBB-4FD1-8F75-D8B16A7DBE74} = {27A5E07B-3BEC-4F3A-8215-A9FF592F5F14}
		{560EBFA5-D522-4A6B-A25A-A5113CD07846} = {27A5E07B-3BEC-4F3A-8215-A9FF592F5F14}
		{CE013397-D47E-40AA-9C2E-9693C3404DB8} = {27A5E07B-3BEC-4F3A-8215-A9FF592F5F14}
		{8DF651BD-CC9C-4DF1-BD0C-E3B2A7D1BB69} = {C6B597B0-5AF4-43FD-AD4F-4A28CE0C0CDD}
		{460515E5-89FF-48FC-911B-FC31E12902F5} = {C6B597B0-5AF4-43FD-AD4F-4A28CE0C0CDD}
		{37C203A5-5019-410D-B8D8-9BE495EC0139} = {C6B597B0-5AF4-43FD-AD4F-4A28CE0C0CDD}
		{66246160-1B64-490D-98A1-A69ECF29C86C} = {C6B597B0-5AF4-43FD-AD4F-4A28CE0C0CDD}
		{63D7227A-5B11-4EC1-A074-C3FD4301AD4F} = {C6B597B0-5AF4-43FD-AD4F-4A28CE0C0CDD}
		{C6D6A61A-8968-4A83-91CB-9A8D1733FA4E} = {27A5E07B-3BEC-4F3A-8215-A9FF592F5F14}
		{2CF0FA03-83F9-436C-A178-DA5C77D039CC} = {27A5E07B-3BEC-4F3A-8215-A9FF592F5F14}
	EndGlobalSection
EndGlobal
