
Microsoft Visual Studio Solution File, Format Version 12.00
# Visual Studio 14
VisualStudioVersion = 14.0.22609.0
MinimumVisualStudioVersion = 10.0.40219.1
Project("{FAE04EC0-301F-11D3-BF4B-00C04F79EFBC}") = "Rezolver", "Rezolver\Rezolver.csproj", "{53870BD3-88EA-404D-8AB2-9BCB7040F1F6}"
EndProject
Project("{FAE04EC0-301F-11D3-BF4B-00C04F79EFBC}") = "Rezolver.Tests", "Rezolver.Tests\Rezolver.Tests.csproj", "{22720B39-F5A5-4FD5-8A19-71ED082FB031}"
EndProject
Project("{2150E333-8FDC-42A3-9474-1A3956D46DE8}") = "Solution Items", "Solution Items", "{56482AC2-4C3C-4F54-9C48-93E1AA53A8FC}"
	ProjectSection(SolutionItems) = preProject
		.editorConfig = .editorConfig
		..\.gitignore = ..\.gitignore
		DesignNotes.md = DesignNotes.md
		packageall.bat = packageall.bat
		..\README.md = ..\README.md
	EndProjectSection
EndProject
Project("{2150E333-8FDC-42A3-9474-1A3956D46DE8}") = ".nuget", ".nuget", "{4CC96053-96E9-42DB-8229-8189B8B6DBDB}"
	ProjectSection(SolutionItems) = preProject
		.nuget\NuGet.Config = .nuget\NuGet.Config
		.nuget\NuGet.exe = .nuget\NuGet.exe
	EndProjectSection
EndProject
Project("{FAE04EC0-301F-11D3-BF4B-00C04F79EFBC}") = "Rezolver.Advanced", "Rezolver.Advanced\Rezolver.Advanced.csproj", "{1D178059-53A1-4637-A192-74E18BCC54C0}"
EndProject
Project("{FAE04EC0-301F-11D3-BF4B-00C04F79EFBC}") = "Rezolver.CommonServiceLocator", "Rezolver.CommonServiceLocator\Rezolver.CommonServiceLocator.csproj", "{CE8F94D0-0FE1-416F-8F06-4BB01302F6FC}"
EndProject
Project("{FAE04EC0-301F-11D3-BF4B-00C04F79EFBC}") = "Rezolver.Mvc5", "Rezolver.Mvc5\Rezolver.Mvc5.csproj", "{894B72F8-DF08-47C4-BC4A-64EF48777AB4}"
EndProject
Project("{2150E333-8FDC-42A3-9474-1A3956D46DE8}") = "Examples", "Examples", "{91F29D0A-0864-4336-97FF-E46C60FB1EA2}"
EndProject
Project("{FAE04EC0-301F-11D3-BF4B-00C04F79EFBC}") = "Rezolver.Examples.Mvc", "Examples\Rezolver.Examples.Mvc\Rezolver.Examples.Mvc.csproj", "{48A0D236-8891-4813-8D81-9525719D6308}"
EndProject
Project("{FAE04EC0-301F-11D3-BF4B-00C04F79EFBC}") = "Rezolver.Examples.Mvc.Tests", "Rezolver.Examples.Mvc.Tests\Rezolver.Examples.Mvc.Tests.csproj", "{AEE8E143-EBC6-4C77-B1FF-825315A74DC3}"
EndProject
Project("{FAE04EC0-301F-11D3-BF4B-00C04F79EFBC}") = "Rezolver.Configuration", "Rezolver.Configuration\Rezolver.Configuration.csproj", "{4A04478B-20B9-452B-8398-53D5BE91FA76}"
EndProject
Project("{FAE04EC0-301F-11D3-BF4B-00C04F79EFBC}") = "Rezolver.Configuration.Json", "Rezolver.Configuration.Json\Rezolver.Configuration.Json.csproj", "{C653D356-4337-4502-97E6-C8CF79807405}"
EndProject
Project("{FAE04EC0-301F-11D3-BF4B-00C04F79EFBC}") = "Rezolver.Configuration.Advanced", "Rezolver.Configuration.Advanced\Rezolver.Configuration.Advanced.csproj", "{97210BD8-1DC1-4355-8871-7B7594BF8B2B}"
EndProject
Project("{8BB2217D-0F2D-49D1-97BC-3654ED321F3B}") = "Rezolver.CoreClr", "Rezolver\Rezolver.CoreClr.kproj", "{07626F9C-06A6-498D-ADE1-BC24D2790B7C}"
EndProject
Project("{FAE04EC0-301F-11D3-BF4B-00C04F79EFBC}") = "Rezolver.Resources", "Rezolver.Resources\Rezolver.Resources.csproj", "{118B942E-6F16-4F99-9F0D-1265EC2D2E6D}"
EndProject
Project("{FAE04EC0-301F-11D3-BF4B-00C04F79EFBC}") = "Rezolver.Examples", "Rezolver.Examples\Rezolver.Examples.csproj", "{C72C6B4A-C2D6-4810-BA43-2EB16C7E5D95}"
EndProject
Global
	GlobalSection(SolutionConfigurationPlatforms) = preSolution
		Debug|Any CPU = Debug|Any CPU
		Release|Any CPU = Release|Any CPU
	EndGlobalSection
	GlobalSection(ProjectConfigurationPlatforms) = postSolution
		{53870BD3-88EA-404D-8AB2-9BCB7040F1F6}.Debug|Any CPU.ActiveCfg = Debug|Any CPU
		{53870BD3-88EA-404D-8AB2-9BCB7040F1F6}.Debug|Any CPU.Build.0 = Debug|Any CPU
		{53870BD3-88EA-404D-8AB2-9BCB7040F1F6}.Release|Any CPU.ActiveCfg = Release|Any CPU
		{53870BD3-88EA-404D-8AB2-9BCB7040F1F6}.Release|Any CPU.Build.0 = Release|Any CPU
		{22720B39-F5A5-4FD5-8A19-71ED082FB031}.Debug|Any CPU.ActiveCfg = Debug|Any CPU
		{22720B39-F5A5-4FD5-8A19-71ED082FB031}.Debug|Any CPU.Build.0 = Debug|Any CPU
		{22720B39-F5A5-4FD5-8A19-71ED082FB031}.Release|Any CPU.ActiveCfg = Release|Any CPU
		{22720B39-F5A5-4FD5-8A19-71ED082FB031}.Release|Any CPU.Build.0 = Release|Any CPU
		{1D178059-53A1-4637-A192-74E18BCC54C0}.Debug|Any CPU.ActiveCfg = Debug|Any CPU
		{1D178059-53A1-4637-A192-74E18BCC54C0}.Debug|Any CPU.Build.0 = Debug|Any CPU
		{1D178059-53A1-4637-A192-74E18BCC54C0}.Release|Any CPU.ActiveCfg = Release|Any CPU
		{1D178059-53A1-4637-A192-74E18BCC54C0}.Release|Any CPU.Build.0 = Release|Any CPU
		{CE8F94D0-0FE1-416F-8F06-4BB01302F6FC}.Debug|Any CPU.ActiveCfg = Debug|Any CPU
		{CE8F94D0-0FE1-416F-8F06-4BB01302F6FC}.Debug|Any CPU.Build.0 = Debug|Any CPU
		{CE8F94D0-0FE1-416F-8F06-4BB01302F6FC}.Release|Any CPU.ActiveCfg = Release|Any CPU
		{CE8F94D0-0FE1-416F-8F06-4BB01302F6FC}.Release|Any CPU.Build.0 = Release|Any CPU
		{894B72F8-DF08-47C4-BC4A-64EF48777AB4}.Debug|Any CPU.ActiveCfg = Debug|Any CPU
		{894B72F8-DF08-47C4-BC4A-64EF48777AB4}.Debug|Any CPU.Build.0 = Debug|Any CPU
		{894B72F8-DF08-47C4-BC4A-64EF48777AB4}.Release|Any CPU.ActiveCfg = Release|Any CPU
		{894B72F8-DF08-47C4-BC4A-64EF48777AB4}.Release|Any CPU.Build.0 = Release|Any CPU
		{48A0D236-8891-4813-8D81-9525719D6308}.Debug|Any CPU.ActiveCfg = Debug|Any CPU
		{48A0D236-8891-4813-8D81-9525719D6308}.Debug|Any CPU.Build.0 = Debug|Any CPU
		{48A0D236-8891-4813-8D81-9525719D6308}.Release|Any CPU.ActiveCfg = Release|Any CPU
		{48A0D236-8891-4813-8D81-9525719D6308}.Release|Any CPU.Build.0 = Release|Any CPU
		{AEE8E143-EBC6-4C77-B1FF-825315A74DC3}.Debug|Any CPU.ActiveCfg = Debug|Any CPU
		{AEE8E143-EBC6-4C77-B1FF-825315A74DC3}.Debug|Any CPU.Build.0 = Debug|Any CPU
		{AEE8E143-EBC6-4C77-B1FF-825315A74DC3}.Release|Any CPU.ActiveCfg = Release|Any CPU
		{AEE8E143-EBC6-4C77-B1FF-825315A74DC3}.Release|Any CPU.Build.0 = Release|Any CPU
		{4A04478B-20B9-452B-8398-53D5BE91FA76}.Debug|Any CPU.ActiveCfg = Debug|Any CPU
		{4A04478B-20B9-452B-8398-53D5BE91FA76}.Debug|Any CPU.Build.0 = Debug|Any CPU
		{4A04478B-20B9-452B-8398-53D5BE91FA76}.Release|Any CPU.ActiveCfg = Release|Any CPU
		{4A04478B-20B9-452B-8398-53D5BE91FA76}.Release|Any CPU.Build.0 = Release|Any CPU
		{C653D356-4337-4502-97E6-C8CF79807405}.Debug|Any CPU.ActiveCfg = Debug|Any CPU
		{C653D356-4337-4502-97E6-C8CF79807405}.Debug|Any CPU.Build.0 = Debug|Any CPU
		{C653D356-4337-4502-97E6-C8CF79807405}.Release|Any CPU.ActiveCfg = Release|Any CPU
		{C653D356-4337-4502-97E6-C8CF79807405}.Release|Any CPU.Build.0 = Release|Any CPU
		{97210BD8-1DC1-4355-8871-7B7594BF8B2B}.Debug|Any CPU.ActiveCfg = Debug|Any CPU
		{97210BD8-1DC1-4355-8871-7B7594BF8B2B}.Debug|Any CPU.Build.0 = Debug|Any CPU
		{97210BD8-1DC1-4355-8871-7B7594BF8B2B}.Release|Any CPU.ActiveCfg = Release|Any CPU
		{97210BD8-1DC1-4355-8871-7B7594BF8B2B}.Release|Any CPU.Build.0 = Release|Any CPU
		{C72C6B4A-C2D6-4810-BA43-2EB16C7E5D95}.Debug|Any CPU.ActiveCfg = Debug|Any CPU
		{C72C6B4A-C2D6-4810-BA43-2EB16C7E5D95}.Debug|Any CPU.Build.0 = Debug|Any CPU
		{C72C6B4A-C2D6-4810-BA43-2EB16C7E5D95}.Release|Any CPU.ActiveCfg = Release|Any CPU
		{C72C6B4A-C2D6-4810-BA43-2EB16C7E5D95}.Release|Any CPU.Build.0 = Release|Any CPU
		{07626F9C-06A6-498D-ADE1-BC24D2790B7C}.Debug|Any CPU.ActiveCfg = Debug|Any CPU
		{07626F9C-06A6-498D-ADE1-BC24D2790B7C}.Debug|Any CPU.Build.0 = Debug|Any CPU
		{07626F9C-06A6-498D-ADE1-BC24D2790B7C}.Release|Any CPU.ActiveCfg = Release|Any CPU
		{07626F9C-06A6-498D-ADE1-BC24D2790B7C}.Release|Any CPU.Build.0 = Release|Any CPU
		{118B942E-6F16-4F99-9F0D-1265EC2D2E6D}.Debug|Any CPU.ActiveCfg = Debug|Any CPU
		{118B942E-6F16-4F99-9F0D-1265EC2D2E6D}.Debug|Any CPU.Build.0 = Debug|Any CPU
		{118B942E-6F16-4F99-9F0D-1265EC2D2E6D}.Release|Any CPU.ActiveCfg = Release|Any CPU
		{118B942E-6F16-4F99-9F0D-1265EC2D2E6D}.Release|Any CPU.Build.0 = Release|Any CPU
	EndGlobalSection
	GlobalSection(SolutionProperties) = preSolution
		HideSolutionNode = FALSE
	EndGlobalSection
	GlobalSection(NestedProjects) = preSolution
		{48A0D236-8891-4813-8D81-9525719D6308} = {91F29D0A-0864-4336-97FF-E46C60FB1EA2}
		{AEE8E143-EBC6-4C77-B1FF-825315A74DC3} = {91F29D0A-0864-4336-97FF-E46C60FB1EA2}
		{C72C6B4A-C2D6-4810-BA43-2EB16C7E5D95} = {91F29D0A-0864-4336-97FF-E46C60FB1EA2}
	EndGlobalSection
EndGlobal
