
Microsoft Visual Studio Solution File, Format Version 12.00
# Visual Studio 14
VisualStudioVersion = 14.0.25420.1
MinimumVisualStudioVersion = 10.0.40219.1
Project("{8BB2217D-0F2D-49D1-97BC-3654ED321F3B}") = "Rezolver.Examples.AspnetCore", "Rezolver.Examples.AspnetCore\Rezolver.Examples.AspnetCore.xproj", "{66293851-A136-4773-B2ED-1FCB2AD60842}"
EndProject
Project("{2150E333-8FDC-42A3-9474-1A3956D46DE8}") = "Solution Items", "Solution Items", "{4CE7EB1C-5A0E-44E5-894A-2921E4E48959}"
	ProjectSection(SolutionItems) = preProject
		nuget.config = nuget.config
	EndProjectSection
EndProject
Project("{8BB2217D-0F2D-49D1-97BC-3654ED321F3B}") = "Rezolver", "..\src\Rezolver\Rezolver.xproj", "{07626F9C-06A6-498D-ADE1-BC24D2790B7C}"
EndProject
Project("{8BB2217D-0F2D-49D1-97BC-3654ED321F3B}") = "Rezolver.Microsoft.Extensions.DependencyInjection", "..\src\Rezolver.Microsoft.Extensions.DependencyInjection\Rezolver.Microsoft.Extensions.DependencyInjection.xproj", "{726DC4D6-9064-45B4-9EFD-A18AA779AC34}"
EndProject
Project("{8BB2217D-0F2D-49D1-97BC-3654ED321F3B}") = "Rezolver.Shared", "..\src\Rezolver.Shared\Rezolver.Shared.xproj", "{66414675-EDCC-454F-81B7-9DA02CAF5D2B}"
EndProject
Project("{8BB2217D-0F2D-49D1-97BC-3654ED321F3B}") = "Rezolver.Logging", "..\src\Rezolver.Logging\Rezolver.Logging.xproj", "{560EBFA5-D522-4A6B-A25A-A5113CD07846}"
EndProject
Project("{8BB2217D-0F2D-49D1-97BC-3654ED321F3B}") = "Rezolver.Microsoft.Extensions.Logging", "..\src\Rezolver.Microsoft.Extensions.Logging\Rezolver.Microsoft.Extensions.Logging.xproj", "{1513EA37-4EBB-4FD1-8F75-D8B16A7DBE74}"
EndProject
Project("{8BB2217D-0F2D-49D1-97BC-3654ED321F3B}") = "Rezolver.Examples.AspNetCore.1.1", "Rezolver.Examples.AspNetCore.1.1\Rezolver.Examples.AspNetCore.1.1.xproj", "{2080AC2B-ABCA-4AE3-BC2D-DB4B72F9B6AE}"
EndProject
Project("{8BB2217D-0F2D-49D1-97BC-3654ED321F3B}") = "Rezolver.Microsoft.AspNetCore.Hosting", "..\src\Rezolver.Microsoft.AspNetCore.Hosting\Rezolver.Microsoft.AspNetCore.Hosting.xproj", "{CE013397-D47E-40AA-9C2E-9693C3404DB8}"
EndProject
Global
	GlobalSection(SolutionConfigurationPlatforms) = preSolution
		Debug|Any CPU = Debug|Any CPU
		Release|Any CPU = Release|Any CPU
	EndGlobalSection
	GlobalSection(ProjectConfigurationPlatforms) = postSolution
		{66293851-A136-4773-B2ED-1FCB2AD60842}.Debug|Any CPU.ActiveCfg = Debug|Any CPU
		{66293851-A136-4773-B2ED-1FCB2AD60842}.Debug|Any CPU.Build.0 = Debug|Any CPU
		{66293851-A136-4773-B2ED-1FCB2AD60842}.Release|Any CPU.ActiveCfg = Release|Any CPU
		{66293851-A136-4773-B2ED-1FCB2AD60842}.Release|Any CPU.Build.0 = Release|Any CPU
		{07626F9C-06A6-498D-ADE1-BC24D2790B7C}.Debug|Any CPU.ActiveCfg = Debug|Any CPU
		{07626F9C-06A6-498D-ADE1-BC24D2790B7C}.Debug|Any CPU.Build.0 = Debug|Any CPU
		{07626F9C-06A6-498D-ADE1-BC24D2790B7C}.Release|Any CPU.ActiveCfg = Release|Any CPU
		{07626F9C-06A6-498D-ADE1-BC24D2790B7C}.Release|Any CPU.Build.0 = Release|Any CPU
		{726DC4D6-9064-45B4-9EFD-A18AA779AC34}.Debug|Any CPU.ActiveCfg = Debug|Any CPU
		{726DC4D6-9064-45B4-9EFD-A18AA779AC34}.Debug|Any CPU.Build.0 = Debug|Any CPU
		{726DC4D6-9064-45B4-9EFD-A18AA779AC34}.Release|Any CPU.ActiveCfg = Release|Any CPU
		{726DC4D6-9064-45B4-9EFD-A18AA779AC34}.Release|Any CPU.Build.0 = Release|Any CPU
		{66414675-EDCC-454F-81B7-9DA02CAF5D2B}.Debug|Any CPU.ActiveCfg = Debug|Any CPU
		{66414675-EDCC-454F-81B7-9DA02CAF5D2B}.Debug|Any CPU.Build.0 = Debug|Any CPU
		{66414675-EDCC-454F-81B7-9DA02CAF5D2B}.Release|Any CPU.ActiveCfg = Release|Any CPU
		{66414675-EDCC-454F-81B7-9DA02CAF5D2B}.Release|Any CPU.Build.0 = Release|Any CPU
		{560EBFA5-D522-4A6B-A25A-A5113CD07846}.Debug|Any CPU.ActiveCfg = Debug|Any CPU
		{560EBFA5-D522-4A6B-A25A-A5113CD07846}.Debug|Any CPU.Build.0 = Debug|Any CPU
		{560EBFA5-D522-4A6B-A25A-A5113CD07846}.Release|Any CPU.ActiveCfg = Release|Any CPU
		{560EBFA5-D522-4A6B-A25A-A5113CD07846}.Release|Any CPU.Build.0 = Release|Any CPU
		{1513EA37-4EBB-4FD1-8F75-D8B16A7DBE74}.Debug|Any CPU.ActiveCfg = Debug|Any CPU
		{1513EA37-4EBB-4FD1-8F75-D8B16A7DBE74}.Debug|Any CPU.Build.0 = Debug|Any CPU
		{1513EA37-4EBB-4FD1-8F75-D8B16A7DBE74}.Release|Any CPU.ActiveCfg = Release|Any CPU
		{1513EA37-4EBB-4FD1-8F75-D8B16A7DBE74}.Release|Any CPU.Build.0 = Release|Any CPU
		{2080AC2B-ABCA-4AE3-BC2D-DB4B72F9B6AE}.Debug|Any CPU.ActiveCfg = Debug|Any CPU
		{2080AC2B-ABCA-4AE3-BC2D-DB4B72F9B6AE}.Debug|Any CPU.Build.0 = Debug|Any CPU
		{2080AC2B-ABCA-4AE3-BC2D-DB4B72F9B6AE}.Release|Any CPU.ActiveCfg = Release|Any CPU
		{2080AC2B-ABCA-4AE3-BC2D-DB4B72F9B6AE}.Release|Any CPU.Build.0 = Release|Any CPU
		{CE013397-D47E-40AA-9C2E-9693C3404DB8}.Debug|Any CPU.ActiveCfg = Debug|Any CPU
		{CE013397-D47E-40AA-9C2E-9693C3404DB8}.Debug|Any CPU.Build.0 = Debug|Any CPU
		{CE013397-D47E-40AA-9C2E-9693C3404DB8}.Release|Any CPU.ActiveCfg = Release|Any CPU
		{CE013397-D47E-40AA-9C2E-9693C3404DB8}.Release|Any CPU.Build.0 = Release|Any CPU
	EndGlobalSection
	GlobalSection(SolutionProperties) = preSolution
		HideSolutionNode = FALSE
	EndGlobalSection
EndGlobal
