
Microsoft Visual Studio Solution File, Format Version 12.00
# Visual Studio 15
VisualStudioVersion = 15.0.26730.16
MinimumVisualStudioVersion = 10.0.40219.1
Project("{2150E333-8FDC-42A3-9474-1A3956D46DE8}") = "Solution Items", "Solution Items", "{4CE7EB1C-5A0E-44E5-894A-2921E4E48959}"
	ProjectSection(SolutionItems) = preProject
		nuget.config = nuget.config
	EndProjectSection
EndProject
Project("{9A19103F-16F7-4668-BE54-9A1E7A4F7556}") = "Rezolver.Examples.AspNetCore.1.1", "Rezolver.Examples.AspNetCore.1.1\Rezolver.Examples.AspNetCore.1.1.csproj", "{2080AC2B-ABCA-4AE3-BC2D-DB4B72F9B6AE}"
EndProject
Project("{9A19103F-16F7-4668-BE54-9A1E7A4F7556}") = "Rezolver", "..\src\Rezolver\Rezolver.csproj", "{5B76DD3E-7E44-436E-A050-397DEA445B77}"
EndProject
Project("{9A19103F-16F7-4668-BE54-9A1E7A4F7556}") = "Rezolver.Shared", "..\src\Rezolver.Shared\Rezolver.Shared.csproj", "{F30F02A5-2B2A-495C-96D7-849C8524B01D}"
EndProject
Project("{9A19103F-16F7-4668-BE54-9A1E7A4F7556}") = "Rezolver.Microsoft.Extensions.DependencyInjection", "..\src\Rezolver.Microsoft.Extensions.DependencyInjection\Rezolver.Microsoft.Extensions.DependencyInjection.csproj", "{F465AA2F-D1EC-4316-9989-1CD8C1B1C0D0}"
EndProject
Project("{9A19103F-16F7-4668-BE54-9A1E7A4F7556}") = "Rezolver.Microsoft.AspNetCore.Hosting", "..\src\Rezolver.Microsoft.AspNetCore.Hosting\Rezolver.Microsoft.AspNetCore.Hosting.csproj", "{554E9D36-ED1D-49D8-A49B-54E41A8BA1A4}"
EndProject
Project("{9A19103F-16F7-4668-BE54-9A1E7A4F7556}") = "Rezolver.Examples.AspNetCore.2.0", "Rezolver.Examples.AspNetCore.2.0\Rezolver.Examples.AspNetCore.2.0.csproj", "{8042C155-50FD-48DE-AA7A-27094ADDAC58}"
EndProject
Project("{2150E333-8FDC-42A3-9474-1A3956D46DE8}") = "Xamarin Forms", "Xamarin Forms", "{106A8DD3-92A4-41B8-9BF1-8688C00B5621}"
EndProject
Project("{9A19103F-16F7-4668-BE54-9A1E7A4F7556}") = "XForms", "XForms\XForms\XForms.csproj", "{669B70B8-4FE6-4B7B-A1F2-A34F708D5F71}"
EndProject
Project("{FAE04EC0-301F-11D3-BF4B-00C04F79EFBC}") = "XForms.Android", "XForms\XForms.Android\XForms.Android.csproj", "{F85B5BFC-AD5C-4FAD-B827-2484DA37AE63}"
EndProject
Project("{FAE04EC0-301F-11D3-BF4B-00C04F79EFBC}") = "XForms.iOS", "XForms\XForms.iOS\XForms.iOS.csproj", "{B1F7CB64-C9D2-4783-8D5C-9FA04DC9A70A}"
EndProject
Project("{FAE04EC0-301F-11D3-BF4B-00C04F79EFBC}") = "XForms.UWP", "XForms\XForms.UWP\XForms.UWP.csproj", "{6B6A4F27-372E-461E-A0B6-B31A0384B1FF}"
EndProject
Global
	GlobalSection(SolutionConfigurationPlatforms) = preSolution
		Debug|Any CPU = Debug|Any CPU
		Debug|ARM = Debug|ARM
		Debug|iPhone = Debug|iPhone
		Debug|iPhoneSimulator = Debug|iPhoneSimulator
		Debug|x64 = Debug|x64
		Debug|x86 = Debug|x86
		Release|Any CPU = Release|Any CPU
		Release|ARM = Release|ARM
		Release|iPhone = Release|iPhone
		Release|iPhoneSimulator = Release|iPhoneSimulator
		Release|x64 = Release|x64
		Release|x86 = Release|x86
	EndGlobalSection
	GlobalSection(ProjectConfigurationPlatforms) = postSolution
		{2080AC2B-ABCA-4AE3-BC2D-DB4B72F9B6AE}.Debug|Any CPU.ActiveCfg = Debug|Any CPU
		{2080AC2B-ABCA-4AE3-BC2D-DB4B72F9B6AE}.Debug|Any CPU.Build.0 = Debug|Any CPU
		{2080AC2B-ABCA-4AE3-BC2D-DB4B72F9B6AE}.Debug|ARM.ActiveCfg = Debug|Any CPU
		{2080AC2B-ABCA-4AE3-BC2D-DB4B72F9B6AE}.Debug|ARM.Build.0 = Debug|Any CPU
		{2080AC2B-ABCA-4AE3-BC2D-DB4B72F9B6AE}.Debug|iPhone.ActiveCfg = Debug|Any CPU
		{2080AC2B-ABCA-4AE3-BC2D-DB4B72F9B6AE}.Debug|iPhone.Build.0 = Debug|Any CPU
		{2080AC2B-ABCA-4AE3-BC2D-DB4B72F9B6AE}.Debug|iPhoneSimulator.ActiveCfg = Debug|Any CPU
		{2080AC2B-ABCA-4AE3-BC2D-DB4B72F9B6AE}.Debug|iPhoneSimulator.Build.0 = Debug|Any CPU
		{2080AC2B-ABCA-4AE3-BC2D-DB4B72F9B6AE}.Debug|x64.ActiveCfg = Debug|Any CPU
		{2080AC2B-ABCA-4AE3-BC2D-DB4B72F9B6AE}.Debug|x64.Build.0 = Debug|Any CPU
		{2080AC2B-ABCA-4AE3-BC2D-DB4B72F9B6AE}.Debug|x86.ActiveCfg = Debug|Any CPU
		{2080AC2B-ABCA-4AE3-BC2D-DB4B72F9B6AE}.Debug|x86.Build.0 = Debug|Any CPU
		{2080AC2B-ABCA-4AE3-BC2D-DB4B72F9B6AE}.Release|Any CPU.ActiveCfg = Release|Any CPU
		{2080AC2B-ABCA-4AE3-BC2D-DB4B72F9B6AE}.Release|Any CPU.Build.0 = Release|Any CPU
		{2080AC2B-ABCA-4AE3-BC2D-DB4B72F9B6AE}.Release|ARM.ActiveCfg = Release|Any CPU
		{2080AC2B-ABCA-4AE3-BC2D-DB4B72F9B6AE}.Release|ARM.Build.0 = Release|Any CPU
		{2080AC2B-ABCA-4AE3-BC2D-DB4B72F9B6AE}.Release|iPhone.ActiveCfg = Release|Any CPU
		{2080AC2B-ABCA-4AE3-BC2D-DB4B72F9B6AE}.Release|iPhone.Build.0 = Release|Any CPU
		{2080AC2B-ABCA-4AE3-BC2D-DB4B72F9B6AE}.Release|iPhoneSimulator.ActiveCfg = Release|Any CPU
		{2080AC2B-ABCA-4AE3-BC2D-DB4B72F9B6AE}.Release|iPhoneSimulator.Build.0 = Release|Any CPU
		{2080AC2B-ABCA-4AE3-BC2D-DB4B72F9B6AE}.Release|x64.ActiveCfg = Release|Any CPU
		{2080AC2B-ABCA-4AE3-BC2D-DB4B72F9B6AE}.Release|x64.Build.0 = Release|Any CPU
		{2080AC2B-ABCA-4AE3-BC2D-DB4B72F9B6AE}.Release|x86.ActiveCfg = Release|Any CPU
		{2080AC2B-ABCA-4AE3-BC2D-DB4B72F9B6AE}.Release|x86.Build.0 = Release|Any CPU
		{5B76DD3E-7E44-436E-A050-397DEA445B77}.Debug|Any CPU.ActiveCfg = Debug|Any CPU
		{5B76DD3E-7E44-436E-A050-397DEA445B77}.Debug|Any CPU.Build.0 = Debug|Any CPU
		{5B76DD3E-7E44-436E-A050-397DEA445B77}.Debug|ARM.ActiveCfg = Debug|Any CPU
		{5B76DD3E-7E44-436E-A050-397DEA445B77}.Debug|ARM.Build.0 = Debug|Any CPU
		{5B76DD3E-7E44-436E-A050-397DEA445B77}.Debug|iPhone.ActiveCfg = Debug|Any CPU
		{5B76DD3E-7E44-436E-A050-397DEA445B77}.Debug|iPhone.Build.0 = Debug|Any CPU
		{5B76DD3E-7E44-436E-A050-397DEA445B77}.Debug|iPhoneSimulator.ActiveCfg = Debug|Any CPU
		{5B76DD3E-7E44-436E-A050-397DEA445B77}.Debug|iPhoneSimulator.Build.0 = Debug|Any CPU
		{5B76DD3E-7E44-436E-A050-397DEA445B77}.Debug|x64.ActiveCfg = Debug|Any CPU
		{5B76DD3E-7E44-436E-A050-397DEA445B77}.Debug|x64.Build.0 = Debug|Any CPU
		{5B76DD3E-7E44-436E-A050-397DEA445B77}.Debug|x86.ActiveCfg = Debug|Any CPU
		{5B76DD3E-7E44-436E-A050-397DEA445B77}.Debug|x86.Build.0 = Debug|Any CPU
		{5B76DD3E-7E44-436E-A050-397DEA445B77}.Release|Any CPU.ActiveCfg = Release|Any CPU
		{5B76DD3E-7E44-436E-A050-397DEA445B77}.Release|Any CPU.Build.0 = Release|Any CPU
		{5B76DD3E-7E44-436E-A050-397DEA445B77}.Release|ARM.ActiveCfg = Release|Any CPU
		{5B76DD3E-7E44-436E-A050-397DEA445B77}.Release|ARM.Build.0 = Release|Any CPU
		{5B76DD3E-7E44-436E-A050-397DEA445B77}.Release|iPhone.ActiveCfg = Release|Any CPU
		{5B76DD3E-7E44-436E-A050-397DEA445B77}.Release|iPhone.Build.0 = Release|Any CPU
		{5B76DD3E-7E44-436E-A050-397DEA445B77}.Release|iPhoneSimulator.ActiveCfg = Release|Any CPU
		{5B76DD3E-7E44-436E-A050-397DEA445B77}.Release|iPhoneSimulator.Build.0 = Release|Any CPU
		{5B76DD3E-7E44-436E-A050-397DEA445B77}.Release|x64.ActiveCfg = Release|Any CPU
		{5B76DD3E-7E44-436E-A050-397DEA445B77}.Release|x64.Build.0 = Release|Any CPU
		{5B76DD3E-7E44-436E-A050-397DEA445B77}.Release|x86.ActiveCfg = Release|Any CPU
		{5B76DD3E-7E44-436E-A050-397DEA445B77}.Release|x86.Build.0 = Release|Any CPU
		{F30F02A5-2B2A-495C-96D7-849C8524B01D}.Debug|Any CPU.ActiveCfg = Debug|Any CPU
		{F30F02A5-2B2A-495C-96D7-849C8524B01D}.Debug|Any CPU.Build.0 = Debug|Any CPU
		{F30F02A5-2B2A-495C-96D7-849C8524B01D}.Debug|ARM.ActiveCfg = Debug|Any CPU
		{F30F02A5-2B2A-495C-96D7-849C8524B01D}.Debug|ARM.Build.0 = Debug|Any CPU
		{F30F02A5-2B2A-495C-96D7-849C8524B01D}.Debug|iPhone.ActiveCfg = Debug|Any CPU
		{F30F02A5-2B2A-495C-96D7-849C8524B01D}.Debug|iPhone.Build.0 = Debug|Any CPU
		{F30F02A5-2B2A-495C-96D7-849C8524B01D}.Debug|iPhoneSimulator.ActiveCfg = Debug|Any CPU
		{F30F02A5-2B2A-495C-96D7-849C8524B01D}.Debug|iPhoneSimulator.Build.0 = Debug|Any CPU
		{F30F02A5-2B2A-495C-96D7-849C8524B01D}.Debug|x64.ActiveCfg = Debug|Any CPU
		{F30F02A5-2B2A-495C-96D7-849C8524B01D}.Debug|x64.Build.0 = Debug|Any CPU
		{F30F02A5-2B2A-495C-96D7-849C8524B01D}.Debug|x86.ActiveCfg = Debug|Any CPU
		{F30F02A5-2B2A-495C-96D7-849C8524B01D}.Debug|x86.Build.0 = Debug|Any CPU
		{F30F02A5-2B2A-495C-96D7-849C8524B01D}.Release|Any CPU.ActiveCfg = Release|Any CPU
		{F30F02A5-2B2A-495C-96D7-849C8524B01D}.Release|Any CPU.Build.0 = Release|Any CPU
		{F30F02A5-2B2A-495C-96D7-849C8524B01D}.Release|ARM.ActiveCfg = Release|Any CPU
		{F30F02A5-2B2A-495C-96D7-849C8524B01D}.Release|ARM.Build.0 = Release|Any CPU
		{F30F02A5-2B2A-495C-96D7-849C8524B01D}.Release|iPhone.ActiveCfg = Release|Any CPU
		{F30F02A5-2B2A-495C-96D7-849C8524B01D}.Release|iPhone.Build.0 = Release|Any CPU
		{F30F02A5-2B2A-495C-96D7-849C8524B01D}.Release|iPhoneSimulator.ActiveCfg = Release|Any CPU
		{F30F02A5-2B2A-495C-96D7-849C8524B01D}.Release|iPhoneSimulator.Build.0 = Release|Any CPU
		{F30F02A5-2B2A-495C-96D7-849C8524B01D}.Release|x64.ActiveCfg = Release|Any CPU
		{F30F02A5-2B2A-495C-96D7-849C8524B01D}.Release|x64.Build.0 = Release|Any CPU
		{F30F02A5-2B2A-495C-96D7-849C8524B01D}.Release|x86.ActiveCfg = Release|Any CPU
		{F30F02A5-2B2A-495C-96D7-849C8524B01D}.Release|x86.Build.0 = Release|Any CPU
		{F465AA2F-D1EC-4316-9989-1CD8C1B1C0D0}.Debug|Any CPU.ActiveCfg = Debug|Any CPU
		{F465AA2F-D1EC-4316-9989-1CD8C1B1C0D0}.Debug|Any CPU.Build.0 = Debug|Any CPU
		{F465AA2F-D1EC-4316-9989-1CD8C1B1C0D0}.Debug|ARM.ActiveCfg = Debug|Any CPU
		{F465AA2F-D1EC-4316-9989-1CD8C1B1C0D0}.Debug|ARM.Build.0 = Debug|Any CPU
		{F465AA2F-D1EC-4316-9989-1CD8C1B1C0D0}.Debug|iPhone.ActiveCfg = Debug|Any CPU
		{F465AA2F-D1EC-4316-9989-1CD8C1B1C0D0}.Debug|iPhone.Build.0 = Debug|Any CPU
		{F465AA2F-D1EC-4316-9989-1CD8C1B1C0D0}.Debug|iPhoneSimulator.ActiveCfg = Debug|Any CPU
		{F465AA2F-D1EC-4316-9989-1CD8C1B1C0D0}.Debug|iPhoneSimulator.Build.0 = Debug|Any CPU
		{F465AA2F-D1EC-4316-9989-1CD8C1B1C0D0}.Debug|x64.ActiveCfg = Debug|Any CPU
		{F465AA2F-D1EC-4316-9989-1CD8C1B1C0D0}.Debug|x64.Build.0 = Debug|Any CPU
		{F465AA2F-D1EC-4316-9989-1CD8C1B1C0D0}.Debug|x86.ActiveCfg = Debug|Any CPU
		{F465AA2F-D1EC-4316-9989-1CD8C1B1C0D0}.Debug|x86.Build.0 = Debug|Any CPU
		{F465AA2F-D1EC-4316-9989-1CD8C1B1C0D0}.Release|Any CPU.ActiveCfg = Release|Any CPU
		{F465AA2F-D1EC-4316-9989-1CD8C1B1C0D0}.Release|Any CPU.Build.0 = Release|Any CPU
		{F465AA2F-D1EC-4316-9989-1CD8C1B1C0D0}.Release|ARM.ActiveCfg = Release|Any CPU
		{F465AA2F-D1EC-4316-9989-1CD8C1B1C0D0}.Release|ARM.Build.0 = Release|Any CPU
		{F465AA2F-D1EC-4316-9989-1CD8C1B1C0D0}.Release|iPhone.ActiveCfg = Release|Any CPU
		{F465AA2F-D1EC-4316-9989-1CD8C1B1C0D0}.Release|iPhone.Build.0 = Release|Any CPU
		{F465AA2F-D1EC-4316-9989-1CD8C1B1C0D0}.Release|iPhoneSimulator.ActiveCfg = Release|Any CPU
		{F465AA2F-D1EC-4316-9989-1CD8C1B1C0D0}.Release|iPhoneSimulator.Build.0 = Release|Any CPU
		{F465AA2F-D1EC-4316-9989-1CD8C1B1C0D0}.Release|x64.ActiveCfg = Release|Any CPU
		{F465AA2F-D1EC-4316-9989-1CD8C1B1C0D0}.Release|x64.Build.0 = Release|Any CPU
		{F465AA2F-D1EC-4316-9989-1CD8C1B1C0D0}.Release|x86.ActiveCfg = Release|Any CPU
		{F465AA2F-D1EC-4316-9989-1CD8C1B1C0D0}.Release|x86.Build.0 = Release|Any CPU
		{554E9D36-ED1D-49D8-A49B-54E41A8BA1A4}.Debug|Any CPU.ActiveCfg = Debug|Any CPU
		{554E9D36-ED1D-49D8-A49B-54E41A8BA1A4}.Debug|Any CPU.Build.0 = Debug|Any CPU
		{554E9D36-ED1D-49D8-A49B-54E41A8BA1A4}.Debug|ARM.ActiveCfg = Debug|Any CPU
		{554E9D36-ED1D-49D8-A49B-54E41A8BA1A4}.Debug|ARM.Build.0 = Debug|Any CPU
		{554E9D36-ED1D-49D8-A49B-54E41A8BA1A4}.Debug|iPhone.ActiveCfg = Debug|Any CPU
		{554E9D36-ED1D-49D8-A49B-54E41A8BA1A4}.Debug|iPhone.Build.0 = Debug|Any CPU
		{554E9D36-ED1D-49D8-A49B-54E41A8BA1A4}.Debug|iPhoneSimulator.ActiveCfg = Debug|Any CPU
		{554E9D36-ED1D-49D8-A49B-54E41A8BA1A4}.Debug|iPhoneSimulator.Build.0 = Debug|Any CPU
		{554E9D36-ED1D-49D8-A49B-54E41A8BA1A4}.Debug|x64.ActiveCfg = Debug|Any CPU
		{554E9D36-ED1D-49D8-A49B-54E41A8BA1A4}.Debug|x64.Build.0 = Debug|Any CPU
		{554E9D36-ED1D-49D8-A49B-54E41A8BA1A4}.Debug|x86.ActiveCfg = Debug|Any CPU
		{554E9D36-ED1D-49D8-A49B-54E41A8BA1A4}.Debug|x86.Build.0 = Debug|Any CPU
		{554E9D36-ED1D-49D8-A49B-54E41A8BA1A4}.Release|Any CPU.ActiveCfg = Release|Any CPU
		{554E9D36-ED1D-49D8-A49B-54E41A8BA1A4}.Release|Any CPU.Build.0 = Release|Any CPU
		{554E9D36-ED1D-49D8-A49B-54E41A8BA1A4}.Release|ARM.ActiveCfg = Release|Any CPU
		{554E9D36-ED1D-49D8-A49B-54E41A8BA1A4}.Release|ARM.Build.0 = Release|Any CPU
		{554E9D36-ED1D-49D8-A49B-54E41A8BA1A4}.Release|iPhone.ActiveCfg = Release|Any CPU
		{554E9D36-ED1D-49D8-A49B-54E41A8BA1A4}.Release|iPhone.Build.0 = Release|Any CPU
		{554E9D36-ED1D-49D8-A49B-54E41A8BA1A4}.Release|iPhoneSimulator.ActiveCfg = Release|Any CPU
		{554E9D36-ED1D-49D8-A49B-54E41A8BA1A4}.Release|iPhoneSimulator.Build.0 = Release|Any CPU
		{554E9D36-ED1D-49D8-A49B-54E41A8BA1A4}.Release|x64.ActiveCfg = Release|Any CPU
		{554E9D36-ED1D-49D8-A49B-54E41A8BA1A4}.Release|x64.Build.0 = Release|Any CPU
		{554E9D36-ED1D-49D8-A49B-54E41A8BA1A4}.Release|x86.ActiveCfg = Release|Any CPU
		{554E9D36-ED1D-49D8-A49B-54E41A8BA1A4}.Release|x86.Build.0 = Release|Any CPU
		{8042C155-50FD-48DE-AA7A-27094ADDAC58}.Debug|Any CPU.ActiveCfg = Debug|Any CPU
		{8042C155-50FD-48DE-AA7A-27094ADDAC58}.Debug|Any CPU.Build.0 = Debug|Any CPU
		{8042C155-50FD-48DE-AA7A-27094ADDAC58}.Debug|ARM.ActiveCfg = Debug|Any CPU
		{8042C155-50FD-48DE-AA7A-27094ADDAC58}.Debug|ARM.Build.0 = Debug|Any CPU
		{8042C155-50FD-48DE-AA7A-27094ADDAC58}.Debug|iPhone.ActiveCfg = Debug|Any CPU
		{8042C155-50FD-48DE-AA7A-27094ADDAC58}.Debug|iPhone.Build.0 = Debug|Any CPU
		{8042C155-50FD-48DE-AA7A-27094ADDAC58}.Debug|iPhoneSimulator.ActiveCfg = Debug|Any CPU
		{8042C155-50FD-48DE-AA7A-27094ADDAC58}.Debug|iPhoneSimulator.Build.0 = Debug|Any CPU
		{8042C155-50FD-48DE-AA7A-27094ADDAC58}.Debug|x64.ActiveCfg = Debug|Any CPU
		{8042C155-50FD-48DE-AA7A-27094ADDAC58}.Debug|x64.Build.0 = Debug|Any CPU
		{8042C155-50FD-48DE-AA7A-27094ADDAC58}.Debug|x86.ActiveCfg = Debug|Any CPU
		{8042C155-50FD-48DE-AA7A-27094ADDAC58}.Debug|x86.Build.0 = Debug|Any CPU
		{8042C155-50FD-48DE-AA7A-27094ADDAC58}.Release|Any CPU.ActiveCfg = Release|Any CPU
		{8042C155-50FD-48DE-AA7A-27094ADDAC58}.Release|Any CPU.Build.0 = Release|Any CPU
		{8042C155-50FD-48DE-AA7A-27094ADDAC58}.Release|ARM.ActiveCfg = Release|Any CPU
		{8042C155-50FD-48DE-AA7A-27094ADDAC58}.Release|ARM.Build.0 = Release|Any CPU
		{8042C155-50FD-48DE-AA7A-27094ADDAC58}.Release|iPhone.ActiveCfg = Release|Any CPU
		{8042C155-50FD-48DE-AA7A-27094ADDAC58}.Release|iPhone.Build.0 = Release|Any CPU
		{8042C155-50FD-48DE-AA7A-27094ADDAC58}.Release|iPhoneSimulator.ActiveCfg = Release|Any CPU
		{8042C155-50FD-48DE-AA7A-27094ADDAC58}.Release|iPhoneSimulator.Build.0 = Release|Any CPU
		{8042C155-50FD-48DE-AA7A-27094ADDAC58}.Release|x64.ActiveCfg = Release|Any CPU
		{8042C155-50FD-48DE-AA7A-27094ADDAC58}.Release|x64.Build.0 = Release|Any CPU
		{8042C155-50FD-48DE-AA7A-27094ADDAC58}.Release|x86.ActiveCfg = Release|Any CPU
		{8042C155-50FD-48DE-AA7A-27094ADDAC58}.Release|x86.Build.0 = Release|Any CPU
		{669B70B8-4FE6-4B7B-A1F2-A34F708D5F71}.Debug|Any CPU.ActiveCfg = Debug|Any CPU
		{669B70B8-4FE6-4B7B-A1F2-A34F708D5F71}.Debug|Any CPU.Build.0 = Debug|Any CPU
		{669B70B8-4FE6-4B7B-A1F2-A34F708D5F71}.Debug|ARM.ActiveCfg = Debug|Any CPU
		{669B70B8-4FE6-4B7B-A1F2-A34F708D5F71}.Debug|ARM.Build.0 = Debug|Any CPU
		{669B70B8-4FE6-4B7B-A1F2-A34F708D5F71}.Debug|iPhone.ActiveCfg = Debug|Any CPU
		{669B70B8-4FE6-4B7B-A1F2-A34F708D5F71}.Debug|iPhone.Build.0 = Debug|Any CPU
		{669B70B8-4FE6-4B7B-A1F2-A34F708D5F71}.Debug|iPhoneSimulator.ActiveCfg = Debug|Any CPU
		{669B70B8-4FE6-4B7B-A1F2-A34F708D5F71}.Debug|iPhoneSimulator.Build.0 = Debug|Any CPU
		{669B70B8-4FE6-4B7B-A1F2-A34F708D5F71}.Debug|x64.ActiveCfg = Debug|Any CPU
		{669B70B8-4FE6-4B7B-A1F2-A34F708D5F71}.Debug|x64.Build.0 = Debug|Any CPU
		{669B70B8-4FE6-4B7B-A1F2-A34F708D5F71}.Debug|x86.ActiveCfg = Debug|Any CPU
		{669B70B8-4FE6-4B7B-A1F2-A34F708D5F71}.Debug|x86.Build.0 = Debug|Any CPU
		{669B70B8-4FE6-4B7B-A1F2-A34F708D5F71}.Release|Any CPU.ActiveCfg = Release|Any CPU
		{669B70B8-4FE6-4B7B-A1F2-A34F708D5F71}.Release|Any CPU.Build.0 = Release|Any CPU
		{669B70B8-4FE6-4B7B-A1F2-A34F708D5F71}.Release|ARM.ActiveCfg = Release|Any CPU
		{669B70B8-4FE6-4B7B-A1F2-A34F708D5F71}.Release|ARM.Build.0 = Release|Any CPU
		{669B70B8-4FE6-4B7B-A1F2-A34F708D5F71}.Release|iPhone.ActiveCfg = Release|Any CPU
		{669B70B8-4FE6-4B7B-A1F2-A34F708D5F71}.Release|iPhone.Build.0 = Release|Any CPU
		{669B70B8-4FE6-4B7B-A1F2-A34F708D5F71}.Release|iPhoneSimulator.ActiveCfg = Release|Any CPU
		{669B70B8-4FE6-4B7B-A1F2-A34F708D5F71}.Release|iPhoneSimulator.Build.0 = Release|Any CPU
		{669B70B8-4FE6-4B7B-A1F2-A34F708D5F71}.Release|x64.ActiveCfg = Release|Any CPU
		{669B70B8-4FE6-4B7B-A1F2-A34F708D5F71}.Release|x64.Build.0 = Release|Any CPU
		{669B70B8-4FE6-4B7B-A1F2-A34F708D5F71}.Release|x86.ActiveCfg = Release|Any CPU
		{669B70B8-4FE6-4B7B-A1F2-A34F708D5F71}.Release|x86.Build.0 = Release|Any CPU
		{F85B5BFC-AD5C-4FAD-B827-2484DA37AE63}.Debug|Any CPU.ActiveCfg = Debug|Any CPU
		{F85B5BFC-AD5C-4FAD-B827-2484DA37AE63}.Debug|Any CPU.Build.0 = Debug|Any CPU
		{F85B5BFC-AD5C-4FAD-B827-2484DA37AE63}.Debug|Any CPU.Deploy.0 = Debug|Any CPU
		{F85B5BFC-AD5C-4FAD-B827-2484DA37AE63}.Debug|ARM.ActiveCfg = Debug|Any CPU
		{F85B5BFC-AD5C-4FAD-B827-2484DA37AE63}.Debug|ARM.Build.0 = Debug|Any CPU
		{F85B5BFC-AD5C-4FAD-B827-2484DA37AE63}.Debug|ARM.Deploy.0 = Debug|Any CPU
		{F85B5BFC-AD5C-4FAD-B827-2484DA37AE63}.Debug|iPhone.ActiveCfg = Debug|Any CPU
		{F85B5BFC-AD5C-4FAD-B827-2484DA37AE63}.Debug|iPhone.Build.0 = Debug|Any CPU
		{F85B5BFC-AD5C-4FAD-B827-2484DA37AE63}.Debug|iPhone.Deploy.0 = Debug|Any CPU
		{F85B5BFC-AD5C-4FAD-B827-2484DA37AE63}.Debug|iPhoneSimulator.ActiveCfg = Debug|Any CPU
		{F85B5BFC-AD5C-4FAD-B827-2484DA37AE63}.Debug|iPhoneSimulator.Build.0 = Debug|Any CPU
		{F85B5BFC-AD5C-4FAD-B827-2484DA37AE63}.Debug|iPhoneSimulator.Deploy.0 = Debug|Any CPU
		{F85B5BFC-AD5C-4FAD-B827-2484DA37AE63}.Debug|x64.ActiveCfg = Debug|Any CPU
		{F85B5BFC-AD5C-4FAD-B827-2484DA37AE63}.Debug|x64.Build.0 = Debug|Any CPU
		{F85B5BFC-AD5C-4FAD-B827-2484DA37AE63}.Debug|x64.Deploy.0 = Debug|Any CPU
		{F85B5BFC-AD5C-4FAD-B827-2484DA37AE63}.Debug|x86.ActiveCfg = Debug|Any CPU
		{F85B5BFC-AD5C-4FAD-B827-2484DA37AE63}.Debug|x86.Build.0 = Debug|Any CPU
		{F85B5BFC-AD5C-4FAD-B827-2484DA37AE63}.Debug|x86.Deploy.0 = Debug|Any CPU
		{F85B5BFC-AD5C-4FAD-B827-2484DA37AE63}.Release|Any CPU.ActiveCfg = Release|Any CPU
		{F85B5BFC-AD5C-4FAD-B827-2484DA37AE63}.Release|Any CPU.Build.0 = Release|Any CPU
		{F85B5BFC-AD5C-4FAD-B827-2484DA37AE63}.Release|Any CPU.Deploy.0 = Release|Any CPU
		{F85B5BFC-AD5C-4FAD-B827-2484DA37AE63}.Release|ARM.ActiveCfg = Release|Any CPU
		{F85B5BFC-AD5C-4FAD-B827-2484DA37AE63}.Release|ARM.Build.0 = Release|Any CPU
		{F85B5BFC-AD5C-4FAD-B827-2484DA37AE63}.Release|ARM.Deploy.0 = Release|Any CPU
		{F85B5BFC-AD5C-4FAD-B827-2484DA37AE63}.Release|iPhone.ActiveCfg = Release|Any CPU
		{F85B5BFC-AD5C-4FAD-B827-2484DA37AE63}.Release|iPhone.Build.0 = Release|Any CPU
		{F85B5BFC-AD5C-4FAD-B827-2484DA37AE63}.Release|iPhone.Deploy.0 = Release|Any CPU
		{F85B5BFC-AD5C-4FAD-B827-2484DA37AE63}.Release|iPhoneSimulator.ActiveCfg = Release|Any CPU
		{F85B5BFC-AD5C-4FAD-B827-2484DA37AE63}.Release|iPhoneSimulator.Build.0 = Release|Any CPU
		{F85B5BFC-AD5C-4FAD-B827-2484DA37AE63}.Release|iPhoneSimulator.Deploy.0 = Release|Any CPU
		{F85B5BFC-AD5C-4FAD-B827-2484DA37AE63}.Release|x64.ActiveCfg = Release|Any CPU
		{F85B5BFC-AD5C-4FAD-B827-2484DA37AE63}.Release|x64.Build.0 = Release|Any CPU
		{F85B5BFC-AD5C-4FAD-B827-2484DA37AE63}.Release|x64.Deploy.0 = Release|Any CPU
		{F85B5BFC-AD5C-4FAD-B827-2484DA37AE63}.Release|x86.ActiveCfg = Release|Any CPU
		{F85B5BFC-AD5C-4FAD-B827-2484DA37AE63}.Release|x86.Build.0 = Release|Any CPU
		{F85B5BFC-AD5C-4FAD-B827-2484DA37AE63}.Release|x86.Deploy.0 = Release|Any CPU
		{B1F7CB64-C9D2-4783-8D5C-9FA04DC9A70A}.Debug|Any CPU.ActiveCfg = Debug|iPhone
		{B1F7CB64-C9D2-4783-8D5C-9FA04DC9A70A}.Debug|ARM.ActiveCfg = Debug|iPhone
		{B1F7CB64-C9D2-4783-8D5C-9FA04DC9A70A}.Debug|iPhone.ActiveCfg = Debug|iPhone
		{B1F7CB64-C9D2-4783-8D5C-9FA04DC9A70A}.Debug|iPhone.Build.0 = Debug|iPhone
		{B1F7CB64-C9D2-4783-8D5C-9FA04DC9A70A}.Debug|iPhoneSimulator.ActiveCfg = Debug|iPhoneSimulator
		{B1F7CB64-C9D2-4783-8D5C-9FA04DC9A70A}.Debug|iPhoneSimulator.Build.0 = Debug|iPhoneSimulator
		{B1F7CB64-C9D2-4783-8D5C-9FA04DC9A70A}.Debug|x64.ActiveCfg = Debug|iPhone
		{B1F7CB64-C9D2-4783-8D5C-9FA04DC9A70A}.Debug|x86.ActiveCfg = Debug|iPhone
		{B1F7CB64-C9D2-4783-8D5C-9FA04DC9A70A}.Release|Any CPU.ActiveCfg = Release|iPhone
		{B1F7CB64-C9D2-4783-8D5C-9FA04DC9A70A}.Release|ARM.ActiveCfg = Release|iPhone
		{B1F7CB64-C9D2-4783-8D5C-9FA04DC9A70A}.Release|iPhone.ActiveCfg = Release|iPhone
		{B1F7CB64-C9D2-4783-8D5C-9FA04DC9A70A}.Release|iPhone.Build.0 = Release|iPhone
		{B1F7CB64-C9D2-4783-8D5C-9FA04DC9A70A}.Release|iPhoneSimulator.ActiveCfg = Release|iPhoneSimulator
		{B1F7CB64-C9D2-4783-8D5C-9FA04DC9A70A}.Release|iPhoneSimulator.Build.0 = Release|iPhoneSimulator
		{B1F7CB64-C9D2-4783-8D5C-9FA04DC9A70A}.Release|x64.ActiveCfg = Release|iPhone
		{B1F7CB64-C9D2-4783-8D5C-9FA04DC9A70A}.Release|x86.ActiveCfg = Release|iPhone
		{6B6A4F27-372E-461E-A0B6-B31A0384B1FF}.Debug|Any CPU.ActiveCfg = Debug|x86
		{6B6A4F27-372E-461E-A0B6-B31A0384B1FF}.Debug|ARM.ActiveCfg = Debug|ARM
		{6B6A4F27-372E-461E-A0B6-B31A0384B1FF}.Debug|ARM.Build.0 = Debug|ARM
		{6B6A4F27-372E-461E-A0B6-B31A0384B1FF}.Debug|ARM.Deploy.0 = Debug|ARM
		{6B6A4F27-372E-461E-A0B6-B31A0384B1FF}.Debug|iPhone.ActiveCfg = Debug|x86
		{6B6A4F27-372E-461E-A0B6-B31A0384B1FF}.Debug|iPhoneSimulator.ActiveCfg = Debug|x86
		{6B6A4F27-372E-461E-A0B6-B31A0384B1FF}.Debug|x64.ActiveCfg = Debug|x64
		{6B6A4F27-372E-461E-A0B6-B31A0384B1FF}.Debug|x64.Build.0 = Debug|x64
		{6B6A4F27-372E-461E-A0B6-B31A0384B1FF}.Debug|x64.Deploy.0 = Debug|x64
		{6B6A4F27-372E-461E-A0B6-B31A0384B1FF}.Debug|x86.ActiveCfg = Debug|x86
		{6B6A4F27-372E-461E-A0B6-B31A0384B1FF}.Debug|x86.Build.0 = Debug|x86
		{6B6A4F27-372E-461E-A0B6-B31A0384B1FF}.Debug|x86.Deploy.0 = Debug|x86
		{6B6A4F27-372E-461E-A0B6-B31A0384B1FF}.Release|Any CPU.ActiveCfg = Release|x86
		{6B6A4F27-372E-461E-A0B6-B31A0384B1FF}.Release|ARM.ActiveCfg = Release|ARM
		{6B6A4F27-372E-461E-A0B6-B31A0384B1FF}.Release|ARM.Build.0 = Release|ARM
		{6B6A4F27-372E-461E-A0B6-B31A0384B1FF}.Release|ARM.Deploy.0 = Release|ARM
		{6B6A4F27-372E-461E-A0B6-B31A0384B1FF}.Release|iPhone.ActiveCfg = Release|x86
		{6B6A4F27-372E-461E-A0B6-B31A0384B1FF}.Release|iPhoneSimulator.ActiveCfg = Release|x86
		{6B6A4F27-372E-461E-A0B6-B31A0384B1FF}.Release|x64.ActiveCfg = Release|x64
		{6B6A4F27-372E-461E-A0B6-B31A0384B1FF}.Release|x64.Build.0 = Release|x64
		{6B6A4F27-372E-461E-A0B6-B31A0384B1FF}.Release|x64.Deploy.0 = Release|x64
		{6B6A4F27-372E-461E-A0B6-B31A0384B1FF}.Release|x86.ActiveCfg = Release|x86
		{6B6A4F27-372E-461E-A0B6-B31A0384B1FF}.Release|x86.Build.0 = Release|x86
		{6B6A4F27-372E-461E-A0B6-B31A0384B1FF}.Release|x86.Deploy.0 = Release|x86
	EndGlobalSection
	GlobalSection(SolutionProperties) = preSolution
		HideSolutionNode = FALSE
	EndGlobalSection
	GlobalSection(NestedProjects) = preSolution
		{669B70B8-4FE6-4B7B-A1F2-A34F708D5F71} = {106A8DD3-92A4-41B8-9BF1-8688C00B5621}
		{F85B5BFC-AD5C-4FAD-B827-2484DA37AE63} = {106A8DD3-92A4-41B8-9BF1-8688C00B5621}
		{B1F7CB64-C9D2-4783-8D5C-9FA04DC9A70A} = {106A8DD3-92A4-41B8-9BF1-8688C00B5621}
		{6B6A4F27-372E-461E-A0B6-B31A0384B1FF} = {106A8DD3-92A4-41B8-9BF1-8688C00B5621}
	EndGlobalSection
	GlobalSection(ExtensibilityGlobals) = postSolution
		SolutionGuid = {E26FC144-6A79-4204-9A6C-D02F592518B2}
	EndGlobalSection
EndGlobal
