
Microsoft Visual Studio Solution File, Format Version 12.00
# Visual Studio 15
VisualStudioVersion = 15.0.26730.16
MinimumVisualStudioVersion = 10.0.40219.1
Project("{2150E333-8FDC-42A3-9474-1A3956D46DE8}") = "Solution Items", "Solution Items", "{4CE7EB1C-5A0E-44E5-894A-2921E4E48959}"
	ProjectSection(SolutionItems) = preProject
		nuget.config = nuget.config
	EndProjectSection
EndProject
Project("{9A19103F-16F7-4668-BE54-9A1E7A4F7556}") = "Rezolver.Examples.AspNetCore.1.1", "Rezolver.Examples.AspNetCore.1.1\Rezolver.Examples.AspNetCore.1.1.csproj", "{2080AC2B-ABCA-4AE3-BC2D-DB4B72F9B6AE}"
EndProject
Project("{9A19103F-16F7-4668-BE54-9A1E7A4F7556}") = "Rezolver", "..\src\Rezolver\Rezolver.csproj", "{5B76DD3E-7E44-436E-A050-397DEA445B77}"
EndProject
Project("{9A19103F-16F7-4668-BE54-9A1E7A4F7556}") = "Rezolver.Shared", "..\src\Rezolver.Shared\Rezolver.Shared.csproj", "{F30F02A5-2B2A-495C-96D7-849C8524B01D}"
EndProject
Project("{9A19103F-16F7-4668-BE54-9A1E7A4F7556}") = "Rezolver.Microsoft.Extensions.DependencyInjection", "..\src\Rezolver.Microsoft.Extensions.DependencyInjection\Rezolver.Microsoft.Extensions.DependencyInjection.csproj", "{F465AA2F-D1EC-4316-9989-1CD8C1B1C0D0}"
EndProject
Project("{9A19103F-16F7-4668-BE54-9A1E7A4F7556}") = "Rezolver.Microsoft.AspNetCore.Hosting", "..\src\Rezolver.Microsoft.AspNetCore.Hosting\Rezolver.Microsoft.AspNetCore.Hosting.csproj", "{554E9D36-ED1D-49D8-A49B-54E41A8BA1A4}"
EndProject
Project("{FAE04EC0-301F-11D3-BF4B-00C04F79EFBC}") = "Rezolver.Examples.AspNetCore.2.0", "Rezolver.Examples.AspNetCore.2.0\Rezolver.Examples.AspNetCore.2.0.csproj", "{8042C155-50FD-48DE-AA7A-27094ADDAC58}"
EndProject
Global
	GlobalSection(SolutionConfigurationPlatforms) = preSolution
		Debug|Any CPU = Debug|Any CPU
		Release|Any CPU = Release|Any CPU
	EndGlobalSection
	GlobalSection(ProjectConfigurationPlatforms) = postSolution
		{2080AC2B-ABCA-4AE3-BC2D-DB4B72F9B6AE}.Debug|Any CPU.ActiveCfg = Debug|Any CPU
		{2080AC2B-ABCA-4AE3-BC2D-DB4B72F9B6AE}.Debug|Any CPU.Build.0 = Debug|Any CPU
		{2080AC2B-ABCA-4AE3-BC2D-DB4B72F9B6AE}.Release|Any CPU.ActiveCfg = Release|Any CPU
		{2080AC2B-ABCA-4AE3-BC2D-DB4B72F9B6AE}.Release|Any CPU.Build.0 = Release|Any CPU
		{5B76DD3E-7E44-436E-A050-397DEA445B77}.Debug|Any CPU.ActiveCfg = Debug|Any CPU
		{5B76DD3E-7E44-436E-A050-397DEA445B77}.Debug|Any CPU.Build.0 = Debug|Any CPU
		{5B76DD3E-7E44-436E-A050-397DEA445B77}.Release|Any CPU.ActiveCfg = Release|Any CPU
		{5B76DD3E-7E44-436E-A050-397DEA445B77}.Release|Any CPU.Build.0 = Release|Any CPU
		{F30F02A5-2B2A-495C-96D7-849C8524B01D}.Debug|Any CPU.ActiveCfg = Debug|Any CPU
		{F30F02A5-2B2A-495C-96D7-849C8524B01D}.Debug|Any CPU.Build.0 = Debug|Any CPU
		{F30F02A5-2B2A-495C-96D7-849C8524B01D}.Release|Any CPU.ActiveCfg = Release|Any CPU
		{F30F02A5-2B2A-495C-96D7-849C8524B01D}.Release|Any CPU.Build.0 = Release|Any CPU
		{F465AA2F-D1EC-4316-9989-1CD8C1B1C0D0}.Debug|Any CPU.ActiveCfg = Debug|Any CPU
		{F465AA2F-D1EC-4316-9989-1CD8C1B1C0D0}.Debug|Any CPU.Build.0 = Debug|Any CPU
		{F465AA2F-D1EC-4316-9989-1CD8C1B1C0D0}.Release|Any CPU.ActiveCfg = Release|Any CPU
		{F465AA2F-D1EC-4316-9989-1CD8C1B1C0D0}.Release|Any CPU.Build.0 = Release|Any CPU
		{554E9D36-ED1D-49D8-A49B-54E41A8BA1A4}.Debug|Any CPU.ActiveCfg = Debug|Any CPU
		{554E9D36-ED1D-49D8-A49B-54E41A8BA1A4}.Debug|Any CPU.Build.0 = Debug|Any CPU
		{554E9D36-ED1D-49D8-A49B-54E41A8BA1A4}.Release|Any CPU.ActiveCfg = Release|Any CPU
		{554E9D36-ED1D-49D8-A49B-54E41A8BA1A4}.Release|Any CPU.Build.0 = Release|Any CPU
		{8042C155-50FD-48DE-AA7A-27094ADDAC58}.Debug|Any CPU.ActiveCfg = Debug|Any CPU
		{8042C155-50FD-48DE-AA7A-27094ADDAC58}.Debug|Any CPU.Build.0 = Debug|Any CPU
		{8042C155-50FD-48DE-AA7A-27094ADDAC58}.Release|Any CPU.ActiveCfg = Release|Any CPU
		{8042C155-50FD-48DE-AA7A-27094ADDAC58}.Release|Any CPU.Build.0 = Release|Any CPU
	EndGlobalSection
	GlobalSection(SolutionProperties) = preSolution
		HideSolutionNode = FALSE
	EndGlobalSection
	GlobalSection(ExtensibilityGlobals) = postSolution
		SolutionGuid = {E26FC144-6A79-4204-9A6C-D02F592518B2}
	EndGlobalSection
EndGlobal
